hash: 84eac431a5675635260fa616e6537935f3b2f68cfc1090147abb4226a5c51851
updated: 2018-04-27T09:04:45.426586881+10:00
imports:
- name: github.com/go-sql-driver/mysql
  version: 3287d94d4c6a48a63e16fffaabf27ab20203af2a
- name: github.com/golang/protobuf
  version: 925541529c1fa6821df4e44ce2723319eb2be768
  subpackages:
  - proto
- name: github.com/satori/go.uuid
  version: f58768cc1a7a7e77a3bd49e98cdd21419399b6a3
- name: github.com/streadway/amqp
  version: 8e4aba63da9fc5571e01c6a45dc809a58cbc5a68
- name: go.uber.org/multierr
  version: 3c4937480c32f4c13a875a1829af76c98ca3d40a
testImports:
- name: github.com/onsi/ginkgo
  version: 9eda700730cba42af70d53180f9dcce9266bc2bc
  subpackages:
  - config
  - extensions/table
  - internal/codelocation
  - internal/containernode
  - internal/failer
  - internal/leafnodes
  - internal/remote
  - internal/spec
  - internal/spec_iterator
  - internal/specrunner
  - internal/suite
  - internal/testingtproxy
  - internal/writer
  - reporters
  - reporters/stenographer
  - reporters/stenographer/support/go-colorable
  - reporters/stenographer/support/go-isatty
  - types
- name: github.com/onsi/gomega
  version: 003f63b7f4cff3fc95357005358af2de0f5fe152
  subpackages:
  - format
  - internal/assertion
  - internal/asyncassertion
  - internal/oraclematcher
  - internal/testingtsupport
  - matchers
  - matchers/support/goraph/bipartitegraph
  - matchers/support/goraph/edge
  - matchers/support/goraph/node
  - matchers/support/goraph/util
  - types
- name: golang.org/x/net
  version: 6078986fec03a1dcc236c34816c71b0e05018fda
  subpackages:
  - html
  - html/atom
  - html/charset
- name: golang.org/x/sys
  version: 7dca6fe1f43775aa6d1334576870ff63f978f539
  subpackages:
  - unix
- name: golang.org/x/text
  version: b7ef84aaf62aa3e70962625c80a571ae7c17cb40
  subpackages:
  - encoding
  - encoding/charmap
  - encoding/htmlindex
  - encoding/internal
  - encoding/internal/identifier
  - encoding/japanese
  - encoding/korean
  - encoding/simplifiedchinese
  - encoding/traditionalchinese
  - encoding/unicode
  - internal/language
  - internal/tag
  - internal/utf8internal
  - language
  - runes
  - transform
- name: gopkg.in/yaml.v2
  version: 7f97868eec74b32b0982dd158a51a446d1da7eb5
